lockVersion: 2.0.0
id: 45a5c0fe-b644-4131-a6c7-560ce1bc32fe
management: {}
trackedFiles:
  .devcontainer/README.md:
    last_write_checksum: sha1:b6564d2a7c8ae764fff6d1b4666dcd787210a000
  .devcontainer/devcontainer.json:
    last_write_checksum: sha1:d0b15193202c961e7d1875864ddb15f9d17c84dd
  .devcontainer/setup.sh:
    last_write_checksum: sha1:cde00c722c38a7bc362c3669e2a00efc0c5bbf8f
  .gitattributes:
    last_write_checksum: sha1:26d16d8297b104945139da8c25bd38feeaad3e25
  .npmignore:
    last_write_checksum: sha1:3d5eb92f81539175db1ff0280e0aefbdd701f200
  FUNCTIONS.md:
    last_write_checksum: sha1:1f95ddf778ac045d51be6e735423b5f129795a79
  RUNTIMES.md:
    last_write_checksum: sha1:e45b854f02c357cbcfdb8c3663000e8339e16505
  USAGE.md:
    last_write_checksum: sha1:ace47cccd986d4fac337c3a0406b63afe870b616
  docs/lib/utils/retryconfig.md:
    last_write_checksum: sha1:bc4454e196fcd219f5a78da690375a884f5ed07b
  docs/models/errors/errort.md:
    last_write_checksum: sha1:91f52fcd0fdbde578bb73c90270f5a9ba8a8e382
  docs/models/operations/activebankslist.md:
    last_write_checksum: sha1:60654f204ba14c192ab62fdf60c8d740912d190c
  docs/models/operations/bankdistribution.md:
    last_write_checksum: sha1:97b4d684eab43a6d8b2710005edc4331ecb3910d
  docs/models/operations/getdashboardmetricsresponse.md:
    last_write_checksum: sha1:27816888e92fa09317423b7570a132841cd6f6bb
  docs/models/operations/gethealthresponse.md:
    last_write_checksum: sha1:1ed7be95bc7897b62f59893cd91149541229f5b3
  docs/models/operations/getledgerpendingresponse.md:
    last_write_checksum: sha1:980f97c0a62eea15a2433bf35fb6eee43cb02867
  docs/models/operations/gettransactionsrequest.md:
    last_write_checksum: sha1:241e71c803374a629c92a15ac3e2318b26b764c6
  docs/models/operations/gettransactionsresponse.md:
    last_write_checksum: sha1:f8d68a98727480f9b5e8b5a89eee9a38b7988b37
  docs/models/operations/mondayclearingpreparation.md:
    last_write_checksum: sha1:743da8874dda4065034b292ee3fe0d7b4cc1f4df
  docs/models/operations/pagination.md:
    last_write_checksum: sha1:9f2a4472187dafb526ef79e4e7daed97d1201a98
  docs/models/operations/postledgersettleresponse.md:
    last_write_checksum: sha1:a5eac28c6d47239337fab1958f85a64d3d8db0d4
  docs/models/operations/postsimulatorstartrequest.md:
    last_write_checksum: sha1:aac100df32c49339bfae8bac371128f273fa0dbf
  docs/models/operations/postsimulatorstartresponse.md:
    last_write_checksum: sha1:5b397b3ba4e0199a8791069363a8a51dd785e67e
  docs/models/operations/postwebhookresponse.md:
    last_write_checksum: sha1:94a482591a4ec05cb91789192b1ed82c02f6f04f
  docs/models/operations/settlementoverview.md:
    last_write_checksum: sha1:d87449ec05df0c55fe87e1bed23ba896f2dd6a6a
  docs/models/operations/transactionlog.md:
    last_write_checksum: sha1:6e9ea58a19160f9486672dc28ac0e0e8bc07f9aa
  docs/models/transaction.md:
    last_write_checksum: sha1:9a64d9cd622c4dfec7ec94a54ed16987d6b5aebc
  docs/sdks/cmos/README.md:
    last_write_checksum: sha1:476cae3c469243afdff7971280fa61f14d7e16c3
  eslint.config.mjs:
    last_write_checksum: sha1:9398f326377fe47f67af2df6eb6370750c0790b4
  examples/.env.template:
    last_write_checksum: sha1:c8701466f7fd4445c9ac78c495c7f7dcbb5f7e3b
  examples/README.md:
    last_write_checksum: sha1:912c4030f702ffa1488bad1ca99c7277a14224be
  examples/package.json:
    last_write_checksum: sha1:75a29b64713d03617a281dfd58de22950031a0d7
  examples/postWebhook.example.ts:
    last_write_checksum: sha1:8915db0961323cd29e439753e4ca2ea260328e78
  jsr.json:
    last_write_checksum: sha1:999286d0b95e88229b144870d581f27c82048287
  package.json:
    last_write_checksum: sha1:a2ba126a41a897495b6e44a209851156f8e26ef1
  src/core.ts:
    last_write_checksum: sha1:6dacde03e251f3e3ba187ca2ce94dc2f367dca47
  src/funcs/getDashboardMetrics.ts:
    last_write_checksum: sha1:efe8d841bf7ad6067d5c9f5917d5783b280ce73a
  src/funcs/getHealth.ts:
    last_write_checksum: sha1:ce6e5e803041c43260a8932235f4ade3f35a8539
  src/funcs/getLedgerPending.ts:
    last_write_checksum: sha1:689ec56dcc23e30a0e854886fbf5da5afda63d9b
  src/funcs/getTransactions.ts:
    last_write_checksum: sha1:1d7514ac3538dca444a4998205d3d07bd2735c10
  src/funcs/postLedgerSettle.ts:
    last_write_checksum: sha1:87c9b0a7608bb0ddcad42d5ca388a4ad6de6de0c
  src/funcs/postSimulatorStart.ts:
    last_write_checksum: sha1:4c6a84cbd79a1a584598b9452a73d84cdb2513ba
  src/funcs/postWebhook.ts:
    last_write_checksum: sha1:e066f44b92739b5a281a365b13f0c08bef6eddbf
  src/hooks/hooks.ts:
    last_write_checksum: sha1:3a90d88b4c6c07247db8e5f6441a79538232394e
  src/hooks/index.ts:
    last_write_checksum: sha1:1a11c073a6cd792932218e1d4ed36b8567bad8ef
  src/hooks/types.ts:
    last_write_checksum: sha1:27a3444c4839bec58ae89820fd8c2483edafc3f4
  src/index.ts:
    last_write_checksum: sha1:35c9cde3ae14b18b3f893a1afe8b6c44f8760f24
  src/lib/base64.ts:
    last_write_checksum: sha1:8c94164f2f78e6041c853186fa01f659591f5913
  src/lib/config.ts:
    last_write_checksum: sha1:559cfa5af68ad3874f2307f239cfb78c28b86a87
  src/lib/dlv.ts:
    last_write_checksum: sha1:1dd3e3fbb4550c4bf31f5ef997faff355d6f3250
  src/lib/encodings.ts:
    last_write_checksum: sha1:7b206b995d985c9c1c89856a23346cf87c22d374
  src/lib/env.ts:
    last_write_checksum: sha1:6352a949472f1619f11ef1afa252694b30e27393
  src/lib/files.ts:
    last_write_checksum: sha1:d0f325f445b8d22e7d73baf052c585ec2dd24841
  src/lib/http.ts:
    last_write_checksum: sha1:797cbf16d3c7c4d62d3ba0eedb08617524938457
  src/lib/is-plain-object.ts:
    last_write_checksum: sha1:df687f25a9590b6fd95d39df41a652ae3fd4e517
  src/lib/logger.ts:
    last_write_checksum: sha1:0ec9d3a2a34c362746b767e4f9a746c055d57a7b
  src/lib/matchers.ts:
    last_write_checksum: sha1:434f7879b86e67fafb682542faf58ad82127bf02
  src/lib/primitives.ts:
    last_write_checksum: sha1:987869fc54790b9c22e9182099103d6aa7c67016
  src/lib/retries.ts:
    last_write_checksum: sha1:f3da74dffcbe2756c69393f8600205aa1dc06e68
  src/lib/schemas.ts:
    last_write_checksum: sha1:76a0aeecc3bf758e5a7592960c2722687cf55af1
  src/lib/sdks.ts:
    last_write_checksum: sha1:9c6d40b21e1df18c8f52f7d27dbd33c9147b4e97
  src/lib/security.ts:
    last_write_checksum: sha1:d5a03cc3a47e31c557c6f0b5a7567a9aa2c17978
  src/lib/url.ts:
    last_write_checksum: sha1:d124050c7e755c0cce233b9e029afb584ff65201
  src/models/errors/cmosdefaulterror.ts:
    last_write_checksum: sha1:f0fc4ed9845e89616d902af698be64600de43833
  src/models/errors/cmoserror.ts:
    last_write_checksum: sha1:ea8ec63d931d8b142de3633468a79df5c98d22de
  src/models/errors/error.ts:
    last_write_checksum: sha1:698e52e5bb2313658c7a3d511817add5901e6194
  src/models/errors/httpclienterrors.ts:
    last_write_checksum: sha1:994ced121c54fecd0af038ccfb7855fbfd3868ec
  src/models/errors/index.ts:
    last_write_checksum: sha1:1971da9937ffc50dd714d5b6b1a961889b47d2b7
  src/models/errors/responsevalidationerror.ts:
    last_write_checksum: sha1:7029d6f87370bad5dbf058a46907bea78dfe6e4a
  src/models/errors/sdkvalidationerror.ts:
    last_write_checksum: sha1:92771987c251f02fd86cfd824a3be709cd3c2837
  src/models/index.ts:
    last_write_checksum: sha1:bd2972dba48ada0bcd8e1d4ecfc40bb17e571d28
  src/models/operations/getdashboardmetrics.ts:
    last_write_checksum: sha1:425222264dcd5bbfc4532b96856137d3dafe6310
  src/models/operations/gethealth.ts:
    last_write_checksum: sha1:b651ba0a3f50afbbfd5813f6d2cdc92008c7013c
  src/models/operations/getledgerpending.ts:
    last_write_checksum: sha1:6fd89dbedeeeb0bda08c5a5e0fd1e7dffa9cf156
  src/models/operations/gettransactions.ts:
    last_write_checksum: sha1:560aa71e1b2dd43673694311845b236f33f09bb3
  src/models/operations/index.ts:
    last_write_checksum: sha1:22ea3b74fcad541f407d68a033373d1ffc3e426f
  src/models/operations/postledgersettle.ts:
    last_write_checksum: sha1:fb5f3cec273e7c9b70d9642fc8b47cb83c8021ad
  src/models/operations/postsimulatorstart.ts:
    last_write_checksum: sha1:a5cf95a9eebaf7b27ffef9177e6c50cb33c3c151
  src/models/operations/postwebhook.ts:
    last_write_checksum: sha1:1ace83c49437b14073be6970df7d38f5227fb1f1
  src/models/transaction.ts:
    last_write_checksum: sha1:b31638573db2a108fc256ef92e7b20280fd4527d
  src/sdk/index.ts:
    last_write_checksum: sha1:ed6d64f2a6135349aa8498b8d8cff9ba85c7fb8f
  src/sdk/sdk.ts:
    last_write_checksum: sha1:c62402b0dd03199b2c580c78b9b9bb04adf159e7
  src/types/async.ts:
    last_write_checksum: sha1:3ff07b3feaf390ec1aeb18ff938e139c6c4a9585
  src/types/blobs.ts:
    last_write_checksum: sha1:fd681458b532138913c372b05b3e16407abaa7a1
  src/types/constdatetime.ts:
    last_write_checksum: sha1:ce05316b31b373401875d5e962d63d2422e09cf2
  src/types/defaultToZeroValue.ts:
    last_write_checksum: sha1:2820c0bc8e71d475e79cc6b6947ca18d93f6310c
  src/types/enums.ts:
    last_write_checksum: sha1:d7d0ffad0c128a11c5feb1f0ae8f3b507ee03c14
  src/types/fp.ts:
    last_write_checksum: sha1:d24994d58f37a1ca106847fcc6d2e976c6f1c093
  src/types/index.ts:
    last_write_checksum: sha1:ad30d87d2039f717846a280af3a6c3a0b1ade14e
  src/types/operations.ts:
    last_write_checksum: sha1:c49e724cfb1259296381cb57bc0fcdd2eae45865
  src/types/primitives.ts:
    last_write_checksum: sha1:aebf5262b955ff3ca644803a7f5389910514bb44
  src/types/rfcdate.ts:
    last_write_checksum: sha1:8e5f382e02fe21c2f2e24deb1b7bbf8cddd3dd16
  src/types/smartUnion.ts:
    last_write_checksum: sha1:d6c9754e1231a36cffe46c384849be413d5e2a72
  src/types/streams.ts:
    last_write_checksum: sha1:cc9ced2dd34a76c3a1bd7784ccda1cc3b37ab9a9
  src/types/unrecognized.ts:
    last_write_checksum: sha1:d33ac686528492f4cdc0dbf81ed343b4afe020fe
  tsconfig.json:
    last_write_checksum: sha1:c3ec7996536cdb9a54319e7d1eb3b199b733d34c
examples:
  post_/webhook:
    speakeasy-default-post-/webhook:
      requestBody:
        application/json: {}
      responses:
        "200":
          application/json: {}
        "400":
          application/json: {}
        "500":
          application/json: {}
  get_/ledger/pending:
    speakeasy-default-get-/ledger/pending:
      responses:
        "200":
          application/json: {}
        "500":
          application/json: {}
  post_/ledger/settle:
    speakeasy-default-post-/ledger/settle:
      responses:
        "200":
          application/json: {}
        "400":
          application/json: {}
        "500":
          application/json: {}
  get_/transactions:
    speakeasy-default-get-/transactions:
      responses:
        "200":
          application/json: {}
        "400":
          application/json: {}
        "500":
          application/json: {}
  post_/simulator/start:
    speakeasy-default-post-/simulator/start:
      requestBody:
        application/json: {"count": 10, "interval": 1000}
      responses:
        "200":
          application/json: {}
        "400":
          application/json: {}
        "500":
          application/json: {}
  get_/dashboard/metrics:
    speakeasy-default-get-/dashboard/metrics:
      responses:
        "200":
          application/json: {}
        "500":
          application/json: {}
  get_/health:
    speakeasy-default-get-/health:
      responses:
        "200":
          application/json: {}
        "500":
          application/json: {}
examplesVersion: 1.0.2
