package.json
src/funcs/getDashboardMetrics.ts
src/models/operations/postsimulatorstart.ts
.npmignore
src/models/operations/postwebhook.ts
.devcontainer/devcontainer.json
FUNCTIONS.md
RUNTIMES.md
eslint.config.mjs
jsr.json
src/funcs/postLedgerSettle.ts
src/hooks/types.ts
src/models/operations/gettransactions.ts
src/core.ts
src/index.ts
src/lib/base64.ts
src/funcs/getHealth.ts
USAGE.md
docs/lib/utils/retryconfig.md
.devcontainer/setup.sh
src/lib/config.ts
src/lib/dlv.ts
src/lib/encodings.ts
src/lib/env.ts
src/lib/files.ts
src/lib/http.ts
src/lib/is-plain-object.ts
src/lib/logger.ts
src/lib/matchers.ts
src/lib/primitives.ts
src/models/operations/postledgersettle.ts
src/lib/retries.ts
src/lib/schemas.ts
src/models/operations/getledgerpending.ts
src/lib/sdks.ts
src/lib/security.ts
src/lib/url.ts
src/sdk/index.ts
src/models/errors/httpclienterrors.ts
src/models/errors/responsevalidationerror.ts
src/models/errors/sdkvalidationerror.ts
src/models/errors/cmoserror.ts
src/models/errors/cmosdefaulterror.ts
docs/sdks/cmos/README.md
src/types/async.ts
src/types/blobs.ts
src/types/constdatetime.ts
src/types/defaultToZeroValue.ts
src/types/enums.ts
src/types/fp.ts
src/types/index.ts
src/types/operations.ts
src/types/primitives.ts
src/types/rfcdate.ts
src/types/smartUnion.ts
src/types/streams.ts
src/models/errors/error.ts
src/types/unrecognized.ts
src/models/index.ts
examples/package.json
tsconfig.json
.devcontainer/README.md
src/sdk/sdk.ts
src/funcs/getLedgerPending.ts
src/funcs/postSimulatorStart.ts
src/models/errors/index.ts
src/funcs/getTransactions.ts
src/models/operations/getdashboardmetrics.ts
src/hooks/hooks.ts
.gitattributes
docs/models/operations/postwebhookresponse.md
docs/models/operations/getledgerpendingresponse.md
docs/models/operations/postledgersettleresponse.md
docs/models/operations/gettransactionsrequest.md
docs/models/operations/pagination.md
docs/models/operations/gettransactionsresponse.md
docs/models/operations/postsimulatorstartrequest.md
src/models/operations/gethealth.ts
src/hooks/index.ts
examples/README.md
docs/models/operations/postsimulatorstartresponse.md
src/funcs/postWebhook.ts
docs/models/operations/transactionlog.md
src/models/transaction.ts
docs/models/operations/activebankslist.md
docs/models/operations/bankdistribution.md
docs/models/operations/settlementoverview.md
docs/models/operations/mondayclearingpreparation.md
docs/models/operations/getdashboardmetricsresponse.md
docs/models/operations/gethealthresponse.md
docs/models/errors/errort.md
docs/models/transaction.md
examples/postWebhook.example.ts
examples/.env.template
src/models/operations/index.ts
