lockVersion: 2.0.0
id: dd33b8cf-c79c-4899-81c8-b50ebbf36d96
management: {}
trackedFiles:
  .devcontainer/README.md:
    last_write_checksum: sha1:b6564d2a7c8ae764fff6d1b4666dcd787210a000
  .devcontainer/devcontainer.json:
    last_write_checksum: sha1:d0b15193202c961e7d1875864ddb15f9d17c84dd
  .devcontainer/setup.sh:
    last_write_checksum: sha1:2a8ed4d0ed55bf1ac6d91816c13d21dc4b72f652
  .gitattributes:
    last_write_checksum: sha1:26d16d8297b104945139da8c25bd38feeaad3e25
  .npmignore:
    last_write_checksum: sha1:3d5eb92f81539175db1ff0280e0aefbdd701f200
  FUNCTIONS.md:
    last_write_checksum: sha1:73dbd9465a9aa94a79a95724def62527653ca574
  RUNTIMES.md:
    last_write_checksum: sha1:e45b854f02c357cbcfdb8c3663000e8339e16505
  USAGE.md:
    last_write_checksum: sha1:eaa28a381c6e1f1f8de91dc09e80f77ba5c03042
  docs/lib/utils/retryconfig.md:
    last_write_checksum: sha1:bc4454e196fcd219f5a78da690375a884f5ed07b
  docs/models/errors/errort.md:
    last_write_checksum: sha1:ed9011935cf0462b591a487f3451e67a2635bd63
  docs/models/operations/activebankslist.md:
    last_write_checksum: sha1:d9f7dea9dcc65295fe42e787a364fd0724edadbe
  docs/models/operations/bankdistribution.md:
    last_write_checksum: sha1:c2666a0ccb7e12ed308ff50e88808231a6f12d8c
  docs/models/operations/getdashboardmetricsresponse.md:
    last_write_checksum: sha1:0173e0741d20a18672d12a8c0368c1fb16208737
  docs/models/operations/gethealthresponse.md:
    last_write_checksum: sha1:080e3e078c79c4ec9fa9d7b1f872322bf6da7099
  docs/models/operations/getledgerpendingresponse.md:
    last_write_checksum: sha1:fb1cbeb768d2a6446cad99a2b59a8107b3d88e13
  docs/models/operations/gettransactionsrequest.md:
    last_write_checksum: sha1:004196de77416a911068ae8ce207e3bd0236e24e
  docs/models/operations/gettransactionsresponse.md:
    last_write_checksum: sha1:b6bab77cee934efe196a0c308170cda608ba8b51
  docs/models/operations/mondayclearingpreparation.md:
    last_write_checksum: sha1:e9f5874f729cec8e5002de459398b4bf9cd959d8
  docs/models/operations/pagination.md:
    last_write_checksum: sha1:a11762968793f3215b6e1c09b603b817cd30e131
  docs/models/operations/postledgersettleresponse.md:
    last_write_checksum: sha1:157f35263fb709a1a8ae2293a450f40f0cc06b31
  docs/models/operations/postsimulatorstartrequest.md:
    last_write_checksum: sha1:52ffce5b6d87e67f83b3cd69b160faa38f7b8ab1
  docs/models/operations/postsimulatorstartresponse.md:
    last_write_checksum: sha1:0581a4e562d853430a7326e215ec5993b4947279
  docs/models/operations/postwebhookresponse.md:
    last_write_checksum: sha1:442491c535d8a9a715a9708a7eb0dece7ac8b1de
  docs/models/operations/settlementoverview.md:
    last_write_checksum: sha1:f7b77bc3fc91875aa965fb8a52ec430e04c9aa45
  docs/models/operations/transactionlog.md:
    last_write_checksum: sha1:69281a4cabc3550bfc4412668bd44d8f3b93cd3b
  docs/models/transaction.md:
    last_write_checksum: sha1:3d8ffb0ac944f7787451d5e8a4c3156d95b58c85
  docs/sdks/rails/README.md:
    last_write_checksum: sha1:50cfd53a311b023fd1cd0d35e1cb5e1693ad56ce
  eslint.config.mjs:
    last_write_checksum: sha1:9398f326377fe47f67af2df6eb6370750c0790b4
  examples/.env.template:
    last_write_checksum: sha1:3a3d6df10dbb57055035399b9b906a2df45b9a66
  examples/README.md:
    last_write_checksum: sha1:ae360050c0c5817137c1344231bd11a48c6342d6
  examples/package.json:
    last_write_checksum: sha1:49f2c91ab0c759bf4a9f83a96734b051f138a65e
  examples/postWebhook.example.ts:
    last_write_checksum: sha1:46d65e0c893d5b78b6733aca17c18b85b7319412
  jsr.json:
    last_write_checksum: sha1:fb48d92b16fc93f340040f0b437b1bdee12eb6db
  package.json:
    last_write_checksum: sha1:a48fb76e8c114dd88c5398678a9533fddfde42a4
  src/core.ts:
    last_write_checksum: sha1:8f888dd0732758ce31897efe19cab1bce11801c4
  src/funcs/getDashboardMetrics.ts:
    last_write_checksum: sha1:560b74946d3cf058af0a5d6e8d49194c659cc6cc
  src/funcs/getHealth.ts:
    last_write_checksum: sha1:f5c84a90278b955cc01e50e47c8bca0825c7b3ea
  src/funcs/getLedgerPending.ts:
    last_write_checksum: sha1:9d32e04f93a7b3bc5406cf6bb7ade87b2caf966f
  src/funcs/getTransactions.ts:
    last_write_checksum: sha1:577bd19a7a26ab1c1988d9d59d4b516b00394ec6
  src/funcs/postLedgerSettle.ts:
    last_write_checksum: sha1:f2d9d36724e9dd04ab9ada091ebcd8bc03e23d03
  src/funcs/postSimulatorStart.ts:
    last_write_checksum: sha1:c91ee5e3267319d6311d582c28a69dad3ab86622
  src/funcs/postWebhook.ts:
    last_write_checksum: sha1:4018f38bd856671cdb9642f84575f1d5b74a0cf4
  src/hooks/hooks.ts:
    last_write_checksum: sha1:3a90d88b4c6c07247db8e5f6441a79538232394e
  src/hooks/index.ts:
    last_write_checksum: sha1:1a11c073a6cd792932218e1d4ed36b8567bad8ef
  src/hooks/types.ts:
    last_write_checksum: sha1:27a3444c4839bec58ae89820fd8c2483edafc3f4
  src/index.ts:
    last_write_checksum: sha1:35c9cde3ae14b18b3f893a1afe8b6c44f8760f24
  src/lib/base64.ts:
    last_write_checksum: sha1:8c94164f2f78e6041c853186fa01f659591f5913
  src/lib/config.ts:
    last_write_checksum: sha1:4a38b981d6367fdca3329d1c33d53dfa8880f785
  src/lib/dlv.ts:
    last_write_checksum: sha1:1dd3e3fbb4550c4bf31f5ef997faff355d6f3250
  src/lib/encodings.ts:
    last_write_checksum: sha1:7b206b995d985c9c1c89856a23346cf87c22d374
  src/lib/env.ts:
    last_write_checksum: sha1:64ad3dadf1812204f8f1cd8c7638f9023aab0b75
  src/lib/files.ts:
    last_write_checksum: sha1:d0f325f445b8d22e7d73baf052c585ec2dd24841
  src/lib/http.ts:
    last_write_checksum: sha1:797cbf16d3c7c4d62d3ba0eedb08617524938457
  src/lib/is-plain-object.ts:
    last_write_checksum: sha1:df687f25a9590b6fd95d39df41a652ae3fd4e517
  src/lib/logger.ts:
    last_write_checksum: sha1:0ec9d3a2a34c362746b767e4f9a746c055d57a7b
  src/lib/matchers.ts:
    last_write_checksum: sha1:ca356f038cdd731503224634d0065e276c9dd305
  src/lib/primitives.ts:
    last_write_checksum: sha1:987869fc54790b9c22e9182099103d6aa7c67016
  src/lib/retries.ts:
    last_write_checksum: sha1:f3da74dffcbe2756c69393f8600205aa1dc06e68
  src/lib/schemas.ts:
    last_write_checksum: sha1:76a0aeecc3bf758e5a7592960c2722687cf55af1
  src/lib/sdks.ts:
    last_write_checksum: sha1:748a4119ffdd1f218dae00345814199377b95abe
  src/lib/security.ts:
    last_write_checksum: sha1:d5a03cc3a47e31c557c6f0b5a7567a9aa2c17978
  src/lib/url.ts:
    last_write_checksum: sha1:d124050c7e755c0cce233b9e029afb584ff65201
  src/models/errors/error.ts:
    last_write_checksum: sha1:07e72e23c7f532e01b263fa712e3454358cf80ef
  src/models/errors/httpclienterrors.ts:
    last_write_checksum: sha1:994ced121c54fecd0af038ccfb7855fbfd3868ec
  src/models/errors/index.ts:
    last_write_checksum: sha1:b4c283269f114bce8514045ea6ffba9736132af9
  src/models/errors/railsdefaulterror.ts:
    last_write_checksum: sha1:3f089a46be78e6aee176d5d985f1558e25a3385f
  src/models/errors/railserror.ts:
    last_write_checksum: sha1:8ef528a0cf9a7042e2b50f04a47f06f7f86e261f
  src/models/errors/responsevalidationerror.ts:
    last_write_checksum: sha1:c952b0ef27078365a06e3c54ad838acbc60eb8a0
  src/models/errors/sdkvalidationerror.ts:
    last_write_checksum: sha1:92771987c251f02fd86cfd824a3be709cd3c2837
  src/models/index.ts:
    last_write_checksum: sha1:bd2972dba48ada0bcd8e1d4ecfc40bb17e571d28
  src/models/operations/getdashboardmetrics.ts:
    last_write_checksum: sha1:425222264dcd5bbfc4532b96856137d3dafe6310
  src/models/operations/gethealth.ts:
    last_write_checksum: sha1:b651ba0a3f50afbbfd5813f6d2cdc92008c7013c
  src/models/operations/getledgerpending.ts:
    last_write_checksum: sha1:6fd89dbedeeeb0bda08c5a5e0fd1e7dffa9cf156
  src/models/operations/gettransactions.ts:
    last_write_checksum: sha1:560aa71e1b2dd43673694311845b236f33f09bb3
  src/models/operations/index.ts:
    last_write_checksum: sha1:22ea3b74fcad541f407d68a033373d1ffc3e426f
  src/models/operations/postledgersettle.ts:
    last_write_checksum: sha1:fb5f3cec273e7c9b70d9642fc8b47cb83c8021ad
  src/models/operations/postsimulatorstart.ts:
    last_write_checksum: sha1:a5cf95a9eebaf7b27ffef9177e6c50cb33c3c151
  src/models/operations/postwebhook.ts:
    last_write_checksum: sha1:1ace83c49437b14073be6970df7d38f5227fb1f1
  src/models/transaction.ts:
    last_write_checksum: sha1:b31638573db2a108fc256ef92e7b20280fd4527d
  src/sdk/index.ts:
    last_write_checksum: sha1:ed6d64f2a6135349aa8498b8d8cff9ba85c7fb8f
  src/sdk/sdk.ts:
    last_write_checksum: sha1:c9694998cac562fb70bc14bc12258bb0c9e04973
  src/types/async.ts:
    last_write_checksum: sha1:3ff07b3feaf390ec1aeb18ff938e139c6c4a9585
  src/types/blobs.ts:
    last_write_checksum: sha1:fd681458b532138913c372b05b3e16407abaa7a1
  src/types/constdatetime.ts:
    last_write_checksum: sha1:ce05316b31b373401875d5e962d63d2422e09cf2
  src/types/defaultToZeroValue.ts:
    last_write_checksum: sha1:2820c0bc8e71d475e79cc6b6947ca18d93f6310c
  src/types/enums.ts:
    last_write_checksum: sha1:d7d0ffad0c128a11c5feb1f0ae8f3b507ee03c14
  src/types/fp.ts:
    last_write_checksum: sha1:d24994d58f37a1ca106847fcc6d2e976c6f1c093
  src/types/index.ts:
    last_write_checksum: sha1:ad30d87d2039f717846a280af3a6c3a0b1ade14e
  src/types/operations.ts:
    last_write_checksum: sha1:c49e724cfb1259296381cb57bc0fcdd2eae45865
  src/types/primitives.ts:
    last_write_checksum: sha1:aebf5262b955ff3ca644803a7f5389910514bb44
  src/types/rfcdate.ts:
    last_write_checksum: sha1:8e5f382e02fe21c2f2e24deb1b7bbf8cddd3dd16
  src/types/smartUnion.ts:
    last_write_checksum: sha1:d6c9754e1231a36cffe46c384849be413d5e2a72
  src/types/streams.ts:
    last_write_checksum: sha1:cc9ced2dd34a76c3a1bd7784ccda1cc3b37ab9a9
  src/types/unrecognized.ts:
    last_write_checksum: sha1:d33ac686528492f4cdc0dbf81ed343b4afe020fe
  tsconfig.json:
    last_write_checksum: sha1:c3ec7996536cdb9a54319e7d1eb3b199b733d34c
examples:
  post_/webhook:
    speakeasy-default-post-/webhook:
      requestBody:
        application/json: {}
      responses:
        "200":
          application/json: {}
        "400":
          application/json: {}
        "500":
          application/json: {}
  get_/ledger/pending:
    speakeasy-default-get-/ledger/pending:
      responses:
        "200":
          application/json: {}
        "500":
          application/json: {}
  post_/ledger/settle:
    speakeasy-default-post-/ledger/settle:
      responses:
        "200":
          application/json: {}
        "400":
          application/json: {}
        "500":
          application/json: {}
  get_/transactions:
    speakeasy-default-get-/transactions:
      responses:
        "200":
          application/json: {}
        "400":
          application/json: {}
        "500":
          application/json: {}
  post_/simulator/start:
    speakeasy-default-post-/simulator/start:
      requestBody:
        application/json: {"count": 10, "interval": 1000}
      responses:
        "200":
          application/json: {}
        "400":
          application/json: {}
        "500":
          application/json: {}
  get_/dashboard/metrics:
    speakeasy-default-get-/dashboard/metrics:
      responses:
        "200":
          application/json: {}
        "500":
          application/json: {}
  get_/health:
    speakeasy-default-get-/health:
      responses:
        "200":
          application/json: {}
        "500":
          application/json: {}
examplesVersion: 1.0.2
