package.json
.gitattributes
src/models/index.ts
src/models/operations/postwebhook.ts
src/hooks/index.ts
src/models/operations/postsimulatorstart.ts
src/sdk/sdk.ts
src/hooks/hooks.ts
src/funcs/postWebhook.ts
src/models/errors/error.ts
USAGE.md
docs/models/operations/postwebhookresponse.md
examples/package.json
.npmignore
FUNCTIONS.md
RUNTIMES.md
eslint.config.mjs
jsr.json
docs/models/operations/getledgerpendingresponse.md
src/core.ts
src/index.ts
src/lib/base64.ts
src/lib/config.ts
docs/models/operations/postledgersettleresponse.md
src/lib/dlv.ts
docs/lib/utils/retryconfig.md
src/lib/encodings.ts
docs/models/operations/gettransactionsrequest.md
src/lib/env.ts
src/lib/files.ts
docs/models/operations/pagination.md
src/lib/http.ts
src/models/operations/postledgersettle.ts
src/lib/is-plain-object.ts
docs/models/operations/gettransactionsresponse.md
src/funcs/postSimulatorStart.ts
src/lib/logger.ts
.devcontainer/README.md
src/lib/matchers.ts
examples/postWebhook.example.ts
src/lib/primitives.ts
docs/models/operations/postsimulatorstartrequest.md
src/funcs/getHealth.ts
src/lib/retries.ts
src/lib/schemas.ts
docs/models/operations/postsimulatorstartresponse.md
src/lib/sdks.ts
docs/sdks/rails/README.md
docs/models/operations/transactionlog.md
src/lib/security.ts
src/hooks/types.ts
src/lib/url.ts
src/sdk/index.ts
src/models/errors/httpclienterrors.ts
src/models/errors/responsevalidationerror.ts
src/models/operations/gettransactions.ts
examples/README.md
src/models/errors/sdkvalidationerror.ts
docs/models/operations/activebankslist.md
src/models/errors/railserror.ts
src/models/errors/railsdefaulterror.ts
src/types/async.ts
src/funcs/getDashboardMetrics.ts
src/types/blobs.ts
docs/models/operations/bankdistribution.md
src/types/constdatetime.ts
src/types/defaultToZeroValue.ts
src/types/enums.ts
docs/models/operations/settlementoverview.md
src/types/fp.ts
src/types/index.ts
docs/models/operations/mondayclearingpreparation.md
src/types/operations.ts
src/types/primitives.ts
src/types/rfcdate.ts
src/types/smartUnion.ts
src/models/errors/index.ts
docs/models/operations/getdashboardmetricsresponse.md
src/types/streams.ts
src/funcs/getLedgerPending.ts
src/types/unrecognized.ts
tsconfig.json
docs/models/operations/gethealthresponse.md
.devcontainer/setup.sh
docs/models/errors/errort.md
src/funcs/postLedgerSettle.ts
.devcontainer/devcontainer.json
src/models/operations/getledgerpending.ts
src/models/operations/getdashboardmetrics.ts
docs/models/transaction.md
examples/.env.template
src/models/operations/index.ts
src/models/operations/gethealth.ts
src/funcs/getTransactions.ts
src/models/transaction.ts
